// !$*UTF8*$!
{
	archiveVersion = 1;
	classes = {
	};
	objectVersion = 48;
	objects = {

/* Begin PBXBuildFile section */
		0830B5F42001254B0079F616 /* AppDelegate.swift in Sources */ = {isa = PBXBuildFile; fileRef = 0830B5F32001254B0079F616 /* AppDelegate.swift */; };
		0830B5F62001254B0079F616 /* ViewController.swift in Sources */ = {isa = PBXBuildFile; fileRef = 0830B5F52001254B0079F616 /* ViewController.swift */; };
		0830B5F92001254B0079F616 /* Main.storyboard in Resources */ = {isa = PBXBuildFile; fileRef = 0830B5F72001254B0079F616 /* Main.storyboard */; };
		0830B5FB2001254B0079F616 /* Assets.xcassets in Resources */ = {isa = PBXBuildFile; fileRef = 0830B5FA2001254B0079F616 /* Assets.xcassets */; };
		0830B5FE2001254B0079F616 /* LaunchScreen.storyboard in Resources */ = {isa = PBXBuildFile; fileRef = 0830B5FC2001254B0079F616 /* LaunchScreen.storyboard */; };
		0830B6092001254B0079F616 /* Auth0PKCETestTests.swift in Sources */ = {isa = PBXBuildFile; fileRef = 0830B6082001254B0079F616 /* Auth0PKCETestTests.swift */; };
		0830B6142001254B0079F616 /* Auth0PKCETestUITests.swift in Sources */ = {isa = PBXBuildFile; fileRef = 0830B6132001254B0079F616 /* Auth0PKCETestUITests.swift */; };
		089A181B2013D18B00BA4ECC /* OAuthClientSettings.swift in Sources */ = {isa = PBXBuildFile; fileRef = 089A181A2013D18B00BA4ECC /* OAuthClientSettings.swift */; };
		089A181D2013D77400BA4ECC /* Auth0Settings.plist in Resources */ = {isa = PBXBuildFile; fileRef = 089A181C2013D77400BA4ECC /* Auth0Settings.plist */; };
		089A181F2015070B00BA4ECC /* CustomDebugStringConvertibleExtension.swift in Sources */ = {isa = PBXBuildFile; fileRef = 089A181E2015070B00BA4ECC /* CustomDebugStringConvertibleExtension.swift */; };
		089A182620150DF500BA4ECC /* OMDDLogCustomFormatter.swift in Sources */ = {isa = PBXBuildFile; fileRef = 089A182520150DF500BA4ECC /* OMDDLogCustomFormatter.swift */; };
		61ADED7D1B873DE8BCDD0E3C /* Pods_Auth0PKCETest.framework in Frameworks */ = {isa = PBXBuildFile; fileRef = 0034BB34E7F3E30B9A4F757C /* Pods_Auth0PKCETest.framework */; };
/* End PBXBuildFile section */

/* Begin PBXContainerItemProxy section */
		0830B6052001254B0079F616 /* PBXContainerItemProxy */ = {
			isa = PBXContainerItemProxy;
			containerPortal = 0830B5E82001254B0079F616 /* Project object */;
			proxyType = 1;
			remoteGlobalIDString = 0830B5EF2001254B0079F616;
			remoteInfo = Auth0PKCETest;
		};
		0830B6102001254B0079F616 /* PBXContainerItemProxy */ = {
			isa = PBXContainerItemProxy;
			containerPortal = 0830B5E82001254B0079F616 /* Project object */;
			proxyType = 1;
			remoteGlobalIDString = 0830B5EF2001254B0079F616;
			remoteInfo = Auth0PKCETest;
		};
/* End PBXContainerItemProxy section */

/* Begin PBXFileReference section */
		0034BB34E7F3E30B9A4F757C /* Pods_Auth0PKCETest.framework */ = {isa = PBXFileReference; explicitFileType = wrapper.framework; includeInIndex = 0; path = Pods_Auth0PKCETest.framework; sourceTree = BUILT_PRODUCTS_DIR; };
		0830B5F02001254B0079F616 /* Auth0PKCETest.app */ = {isa = PBXFileReference; explicitFileType = wrapper.application; includeInIndex = 0; path = Auth0PKCETest.app; sourceTree = BUILT_PRODUCTS_DIR; };
		0830B5F32001254B0079F616 /* AppDelegate.swift */ = {isa = PBXFileReference; lastKnownFileType = sourcecode.swift; path = AppDelegate.swift; sourceTree = "<group>"; };
		0830B5F52001254B0079F616 /* ViewController.swift */ = {isa = PBXFileReference; lastKnownFileType = sourcecode.swift; path = ViewController.swift; sourceTree = "<group>"; };
		0830B5F82001254B0079F616 /* Base */ = {isa = PBXFileReference; lastKnownFileType = file.storyboard; name = Base; path = Base.lproj/Main.storyboard; sourceTree = "<group>"; };
		0830B5FA2001254B0079F616 /* Assets.xcassets */ = {isa = PBXFileReference; lastKnownFileType = folder.assetcatalog; path = Assets.xcassets; sourceTree = "<group>"; };
		0830B5FD2001254B0079F616 /* Base */ = {isa = PBXFileReference; lastKnownFileType = file.storyboard; name = Base; path = Base.lproj/LaunchScreen.storyboard; sourceTree = "<group>"; };
		0830B5FF2001254B0079F616 /* Info.plist */ = {isa = PBXFileReference; lastKnownFileType = text.plist.xml; path = Info.plist; sourceTree = "<group>"; };
		0830B6042001254B0079F616 /* Auth0PKCETestTests.xctest */ = {isa = PBXFileReference; explicitFileType = wrapper.cfbundle; includeInIndex = 0; path = Auth0PKCETestTests.xctest; sourceTree = BUILT_PRODUCTS_DIR; };
		0830B6082001254B0079F616 /* Auth0PKCETestTests.swift */ = {isa = PBXFileReference; lastKnownFileType = sourcecode.swift; path = Auth0PKCETestTests.swift; sourceTree = "<group>"; };
		0830B60A2001254B0079F616 /* Info.plist */ = {isa = PBXFileReference; lastKnownFileType = text.plist.xml; path = Info.plist; sourceTree = "<group>"; };
		0830B60F2001254B0079F616 /* Auth0PKCETestUITests.xctest */ = {isa = PBXFileReference; explicitFileType = wrapper.cfbundle; includeInIndex = 0; path = Auth0PKCETestUITests.xctest; sourceTree = BUILT_PRODUCTS_DIR; };
		0830B6132001254B0079F616 /* Auth0PKCETestUITests.swift */ = {isa = PBXFileReference; lastKnownFileType = sourcecode.swift; path = Auth0PKCETestUITests.swift; sourceTree = "<group>"; };
		0830B6152001254B0079F616 /* Info.plist */ = {isa = PBXFileReference; lastKnownFileType = text.plist.xml; path = Info.plist; sourceTree = "<group>"; };
		084B4155EC7E18423C7FB92E /* Pods-Auth0PKCETest.release.xcconfig */ = {isa = PBXFileReference; includeInIndex = 1; lastKnownFileType = text.xcconfig; name = "Pods-Auth0PKCETest.release.xcconfig"; path = "Pods/Target Support Files/Pods-Auth0PKCETest/Pods-Auth0PKCETest.release.xcconfig"; sourceTree = "<group>"; };
		089A181A2013D18B00BA4ECC /* OAuthClientSettings.swift */ = {isa = PBXFileReference; lastKnownFileType = sourcecode.swift; path = OAuthClientSettings.swift; sourceTree = "<group>"; };
		089A181C2013D77400BA4ECC /* Auth0Settings.plist */ = {isa = PBXFileReference; lastKnownFileType = text.plist.xml; path = Auth0Settings.plist; sourceTree = "<group>"; };
		089A181E2015070B00BA4ECC /* CustomDebugStringConvertibleExtension.swift */ = {isa = PBXFileReference; lastKnownFileType = sourcecode.swift; path = CustomDebugStringConvertibleExtension.swift; sourceTree = "<group>"; };
		089A182520150DF500BA4ECC /* OMDDLogCustomFormatter.swift */ = {isa = PBXFileReference; lastKnownFileType = sourcecode.swift; path = OMDDLogCustomFormatter.swift; sourceTree = "<group>"; };
		089A18282015267500BA4ECC /* Auth0PKCETest-Bridging-Header.h */ = {isa = PBXFileReference; lastKnownFileType = sourcecode.c.h; path = "Auth0PKCETest-Bridging-Header.h"; sourceTree = "<group>"; };
		E218352899195896497F87C2 /* Pods-Auth0PKCETest.debug.xcconfig */ = {isa = PBXFileReference; includeInIndex = 1; lastKnownFileType = text.xcconfig; name = "Pods-Auth0PKCETest.debug.xcconfig"; path = "Pods/Target Support Files/Pods-Auth0PKCETest/Pods-Auth0PKCETest.debug.xcconfig"; sourceTree = "<group>"; };
/* End PBXFileReference section */

/* Begin PBXFrameworksBuildPhase section */
		0830B5ED2001254B0079F616 /* Frameworks */ = {
			isa = PBXFrameworksBuildPhase;
			buildActionMask = 2147483647;
			files = (
				61ADED7D1B873DE8BCDD0E3C /* Pods_Auth0PKCETest.framework in Frameworks */,
			);
			runOnlyForDeploymentPostprocessing = 0;
		};
		0830B6012001254B0079F616 /* Frameworks */ = {
			isa = PBXFrameworksBuildPhase;
			buildActionMask = 2147483647;
			files = (
			);
			runOnlyForDeploymentPostprocessing = 0;
		};
		0830B60C2001254B0079F616 /* Frameworks */ = {
			isa = PBXFrameworksBuildPhase;
			buildActionMask = 2147483647;
			files = (
			);
			runOnlyForDeploymentPostprocessing = 0;
		};
/* End PBXFrameworksBuildPhase section */

/* Begin PBXGroup section */
		0830B5E72001254B0079F616 = {
			isa = PBXGroup;
			children = (
				0830B5F22001254B0079F616 /* Auth0PKCETest */,
				0830B6072001254B0079F616 /* Auth0PKCETestTests */,
				0830B6122001254B0079F616 /* Auth0PKCETestUITests */,
				0830B5F12001254B0079F616 /* Products */,
				70BA8EB17E146DCE7E22E1D0 /* Pods */,
				6977EFF63A11B7249ADEBB56 /* Frameworks */,
			);
			sourceTree = "<group>";
		};
		0830B5F12001254B0079F616 /* Products */ = {
			isa = PBXGroup;
			children = (
				0830B5F02001254B0079F616 /* Auth0PKCETest.app */,
				0830B6042001254B0079F616 /* Auth0PKCETestTests.xctest */,
				0830B60F2001254B0079F616 /* Auth0PKCETestUITests.xctest */,
			);
			name = Products;
			sourceTree = "<group>";
		};
		0830B5F22001254B0079F616 /* Auth0PKCETest */ = {
			isa = PBXGroup;
			children = (
				089A182020150C2300BA4ECC /* DebugExtensions */,
				089A18192013D0D000BA4ECC /* Auth */,
				0830B5F32001254B0079F616 /* AppDelegate.swift */,
				0830B5F52001254B0079F616 /* ViewController.swift */,
				0830B5F72001254B0079F616 /* Main.storyboard */,
				0830B5FA2001254B0079F616 /* Assets.xcassets */,
				0830B5FC2001254B0079F616 /* LaunchScreen.storyboard */,
				0830B5FF2001254B0079F616 /* Info.plist */,
				089A181C2013D77400BA4ECC /* Auth0Settings.plist */,
				089A18282015267500BA4ECC /* Auth0PKCETest-Bridging-Header.h */,
			);
			path = Auth0PKCETest;
			sourceTree = "<group>";
		};
		0830B6072001254B0079F616 /* Auth0PKCETestTests */ = {
			isa = PBXGroup;
			children = (
				0830B6082001254B0079F616 /* Auth0PKCETestTests.swift */,
				0830B60A2001254B0079F616 /* Info.plist */,
			);
			path = Auth0PKCETestTests;
			sourceTree = "<group>";
		};
		0830B6122001254B0079F616 /* Auth0PKCETestUITests */ = {
			isa = PBXGroup;
			children = (
				0830B6132001254B0079F616 /* Auth0PKCETestUITests.swift */,
				0830B6152001254B0079F616 /* Info.plist */,
			);
			path = Auth0PKCETestUITests;
			sourceTree = "<group>";
		};
		089A18192013D0D000BA4ECC /* Auth */ = {
			isa = PBXGroup;
			children = (
				089A181A2013D18B00BA4ECC /* OAuthClientSettings.swift */,
			);
			path = Auth;
			sourceTree = "<group>";
		};
		089A182020150C2300BA4ECC /* DebugExtensions */ = {
			isa = PBXGroup;
			children = (
				089A181E2015070B00BA4ECC /* CustomDebugStringConvertibleExtension.swift */,
				089A182520150DF500BA4ECC /* OMDDLogCustomFormatter.swift */,
			);
			path = DebugExtensions;
			sourceTree = "<group>";
		};
		6977EFF63A11B7249ADEBB56 /* Frameworks */ = {
			isa = PBXGroup;
			children = (
				0034BB34E7F3E30B9A4F757C /* Pods_Auth0PKCETest.framework */,
			);
			name = Frameworks;
			sourceTree = "<group>";
		};
		70BA8EB17E146DCE7E22E1D0 /* Pods */ = {
			isa = PBXGroup;
			children = (
				E218352899195896497F87C2 /* Pods-Auth0PKCETest.debug.xcconfig */,
				084B4155EC7E18423C7FB92E /* Pods-Auth0PKCETest.release.xcconfig */,
			);
			name = Pods;
			sourceTree = "<group>";
		};
/* End PBXGroup section */

/* Begin PBXNativeTarget section */
		0830B5EF2001254B0079F616 /* Auth0PKCETest */ = {
			isa = PBXNativeTarget;
			buildConfigurationList = 0830B6182001254B0079F616 /* Build configuration list for PBXNativeTarget "Auth0PKCETest" */;
			buildPhases = (
				C0049FE7A3FA2ECEECF1A926 /* [CP] Check Pods Manifest.lock */,
				0830B5EC2001254B0079F616 /* Sources */,
				0830B5ED2001254B0079F616 /* Frameworks */,
				0830B5EE2001254B0079F616 /* Resources */,
				1D0FB1B5F21D4A80E195F5C5 /* [CP] Embed Pods Frameworks */,
				76A83DC2F6180EEC040F9761 /* [CP] Copy Pods Resources */,
			);
			buildRules = (
			);
			dependencies = (
			);
			name = Auth0PKCETest;
			productName = Auth0PKCETest;
			productReference = 0830B5F02001254B0079F616 /* Auth0PKCETest.app */;
			productType = "com.apple.product-type.application";
		};
		0830B6032001254B0079F616 /* Auth0PKCETestTests */ = {
			isa = PBXNativeTarget;
			buildConfigurationList = 0830B61B2001254B0079F616 /* Build configuration list for PBXNativeTarget "Auth0PKCETestTests" */;
			buildPhases = (
				0830B6002001254B0079F616 /* Sources */,
				0830B6012001254B0079F616 /* Frameworks */,
				0830B6022001254B0079F616 /* Resources */,
			);
			buildRules = (
			);
			dependencies = (
				0830B6062001254B0079F616 /* PBXTargetDependency */,
			);
			name = Auth0PKCETestTests;
			productName = Auth0PKCETestTests;
			productReference = 0830B6042001254B0079F616 /* Auth0PKCETestTests.xctest */;
			productType = "com.apple.product-type.bundle.unit-test";
		};
		0830B60E2001254B0079F616 /* Auth0PKCETestUITests */ = {
			isa = PBXNativeTarget;
			buildConfigurationList = 0830B61E2001254B0079F616 /* Build configuration list for PBXNativeTarget "Auth0PKCETestUITests" */;
			buildPhases = (
				0830B60B2001254B0079F616 /* Sources */,
				0830B60C2001254B0079F616 /* Frameworks */,
				0830B60D2001254B0079F616 /* Resources */,
			);
			buildRules = (
			);
			dependencies = (
				0830B6112001254B0079F616 /* PBXTargetDependency */,
			);
			name = Auth0PKCETestUITests;
			productName = Auth0PKCETestUITests;
			productReference = 0830B60F2001254B0079F616 /* Auth0PKCETestUITests.xctest */;
			productType = "com.apple.product-type.bundle.ui-testing";
		};
/* End PBXNativeTarget section */

/* Begin PBXProject section */
		0830B5E82001254B0079F616 /* Project object */ = {
			isa = PBXProject;
			attributes = {
				LastSwiftUpdateCheck = 0920;
				LastUpgradeCheck = 0920;
				ORGANIZATIONNAME = "Omni Mobile Works Inc.";
				TargetAttributes = {
					0830B5EF2001254B0079F616 = {
						CreatedOnToolsVersion = 9.2;
						LastSwiftMigration = 0920;
						ProvisioningStyle = Automatic;
					};
					0830B6032001254B0079F616 = {
						CreatedOnToolsVersion = 9.2;
						ProvisioningStyle = Automatic;
						TestTargetID = 0830B5EF2001254B0079F616;
					};
					0830B60E2001254B0079F616 = {
						CreatedOnToolsVersion = 9.2;
						ProvisioningStyle = Automatic;
						TestTargetID = 0830B5EF2001254B0079F616;
					};
				};
			};
			buildConfigurationList = 0830B5EB2001254B0079F616 /* Build configuration list for PBXProject "Auth0PKCETest" */;
			compatibilityVersion = "Xcode 8.0";
			developmentRegion = en;
			hasScannedForEncodings = 0;
			knownRegions = (
				en,
				Base,
			);
			mainGroup = 0830B5E72001254B0079F616;
			productRefGroup = 0830B5F12001254B0079F616 /* Products */;
			projectDirPath = "";
			projectRoot = "";
			targets = (
				0830B5EF2001254B0079F616 /* Auth0PKCETest */,
				0830B6032001254B0079F616 /* Auth0PKCETestTests */,
				0830B60E2001254B0079F616 /* Auth0PKCETestUITests */,
			);
		};
/* End PBXProject section */

/* Begin PBXResourcesBuildPhase section */
		0830B5EE2001254B0079F616 /* Resources */ = {
			isa = PBXResourcesBuildPhase;
			buildActionMask = 2147483647;
			files = (
				089A181D2013D77400BA4ECC /* Auth0Settings.plist in Resources */,
				0830B5FE2001254B0079F616 /* LaunchScreen.storyboard in Resources */,
				0830B5FB2001254B0079F616 /* Assets.xcassets in Resources */,
				0830B5F92001254B0079F616 /* Main.storyboard in Resources */,
			);
			runOnlyForDeploymentPostprocessing = 0;
		};
		0830B6022001254B0079F616 /* Resources */ = {
			isa = PBXResourcesBuildPhase;
			buildActionMask = 2147483647;
			files = (
			);
			runOnlyForDeploymentPostprocessing = 0;
		};
		0830B60D2001254B0079F616 /* Resources */ = {
			isa = PBXResourcesBuildPhase;
			buildActionMask = 2147483647;
			files = (
			);
			runOnlyForDeploymentPostprocessing = 0;
		};
/* End PBXResourcesBuildPhase section */

/* Begin PBXShellScriptBuildPhase section */
		1D0FB1B5F21D4A80E195F5C5 /* [CP] Embed Pods Frameworks */ = {
			isa = PBXShellScriptBuildPhase;
			buildActionMask = 2147483647;
			files = (
			);
			inputPaths = (
				"${SRCROOT}/Pods/Target Support Files/Pods-Auth0PKCETest/Pods-Auth0PKCETest-frameworks.sh",
				"${BUILT_PRODUCTS_DIR}/CocoaLumberjack/CocoaLumberjack.framework",
			);
			name = "[CP] Embed Pods Frameworks";
			outputPaths = (
				"${TARGET_BUILD_DIR}/${FRAMEWORKS_FOLDER_PATH}/CocoaLumberjack.framework",
			);
			runOnlyForDeploymentPostprocessing = 0;
			shellPath = /bin/sh;
			shellScript = "\"${SRCROOT}/Pods/Target Support Files/Pods-Auth0PKCETest/Pods-Auth0PKCETest-frameworks.sh\"\n";
			showEnvVarsInLog = 0;
		};
		76A83DC2F6180EEC040F9761 /* [CP] Copy Pods Resources */ = {
			isa = PBXShellScriptBuildPhase;
			buildActionMask = 2147483647;
			files = (
			);
			inputPaths = (
			);
			name = "[CP] Copy Pods Resources";
			outputPaths = (
			);
			runOnlyForDeploymentPostprocessing = 0;
			shellPath = /bin/sh;
			shellScript = "\"${SRCROOT}/Pods/Target Support Files/Pods-Auth0PKCETest/Pods-Auth0PKCETest-resources.sh\"\n";
			showEnvVarsInLog = 0;
		};
		C0049FE7A3FA2ECEECF1A926 /* [CP] Check Pods Manifest.lock */ = {
			isa = PBXShellScriptBuildPhase;
			buildActionMask = 2147483647;
			files = (
			);
			inputPaths = (
				"${PODS_PODFILE_DIR_PATH}/Podfile.lock",
				"${PODS_ROOT}/Manifest.lock",
			);
			name = "[CP] Check Pods Manifest.lock";
			outputPaths = (
				"$(DERIVED_FILE_DIR)/Pods-Auth0PKCETest-checkManifestLockResult.txt",
			);
			runOnlyForDeploymentPostprocessing = 0;
			shellPath = /bin/sh;
			shellScript = "diff \"${PODS_PODFILE_DIR_PATH}/Podfile.lock\" \"${PODS_ROOT}/Manifest.lock\" > /dev/null\nif [ $? != 0 ] ; then\n    # print error to STDERR\n    echo \"error: The sandbox is not in sync with the Podfile.lock. Run 'pod install' or update your CocoaPods installation.\" >&2\n    exit 1\nfi\n# This output is used by Xcode 'outputs' to avoid re-running this script phase.\necho \"SUCCESS\" > \"${SCRIPT_OUTPUT_FILE_0}\"\n";
			showEnvVarsInLog = 0;
		};
/* End PBXShellScriptBuildPhase section */

/* Begin PBXSourcesBuildPhase section */
		0830B5EC2001254B0079F616 /* Sources */ = {
			isa = PBXSourcesBuildPhase;
			buildActionMask = 2147483647;
			files = (
				089A182620150DF500BA4ECC /* OMDDLogCustomFormatter.swift in Sources */,
				0830B5F62001254B0079F616 /* ViewController.swift in Sources */,
				089A181F2015070B00BA4ECC /* CustomDebugStringConvertibleExtension.swift in Sources */,
				0830B5F42001254B0079F616 /* AppDelegate.swift in Sources */,
				089A181B2013D18B00BA4ECC /* OAuthClientSettings.swift in Sources */,
			);
			runOnlyForDeploymentPostprocessing = 0;
		};
		0830B6002001254B0079F616 /* Sources */ = {
			isa = PBXSourcesBuildPhase;
			buildActionMask = 2147483647;
			files = (
				0830B6092001254B0079F616 /* Auth0PKCETestTests.swift in Sources */,
			);
			runOnlyForDeploymentPostprocessing = 0;
		};
		0830B60B2001254B0079F616 /* Sources */ = {
			isa = PBXSourcesBuildPhase;
			buildActionMask = 2147483647;
			files = (
				0830B6142001254B0079F616 /* Auth0PKCETestUITests.swift in Sources */,
			);
			runOnlyForDeploymentPostprocessing = 0;
		};
/* End PBXSourcesBuildPhase section */

/* Begin PBXTargetDependency section */
		0830B6062001254B0079F616 /* PBXTargetDependency */ = {
			isa = PBXTargetDependency;
			target = 0830B5EF2001254B0079F616 /* Auth0PKCETest */;
			targetProxy = 0830B6052001254B0079F616 /* PBXContainerItemProxy */;
		};
		0830B6112001254B0079F616 /* PBXTargetDependency */ = {
			isa = PBXTargetDependency;
			target = 0830B5EF2001254B0079F616 /* Auth0PKCETest */;
			targetProxy = 0830B6102001254B0079F616 /* PBXContainerItemProxy */;
		};
/* End PBXTargetDependency section */

/* Begin PBXVariantGroup section */
		0830B5F72001254B0079F616 /* Main.storyboard */ = {
			isa = PBXVariantGroup;
			children = (
				0830B5F82001254B0079F616 /* Base */,
			);
			name = Main.storyboard;
			sourceTree = "<group>";
		};
		0830B5FC2001254B0079F616 /* LaunchScreen.storyboard */ = {
			isa = PBXVariantGroup;
			children = (
				0830B5FD2001254B0079F616 /* Base */,
			);
			name = LaunchScreen.storyboard;
			sourceTree = "<group>";
		};
/* End PBXVariantGroup section */

/* Begin XCBuildConfiguration section */
		0830B6162001254B0079F616 /* Debug */ = {
			isa = XCBuildConfiguration;
			buildSettings = {
				ALWAYS_SEARCH_USER_PATHS = NO;
				CLANG_ANALYZER_NONNULL = YES;
				CLANG_ANALYZER_NUMBER_OBJECT_CONVERSION = YES_AGGRESSIVE;
				CLANG_CXX_LANGUAGE_STANDARD = "gnu++14";
				CLANG_CXX_LIBRARY = "libc++";
				CLANG_ENABLE_MODULES = YES;
				CLANG_ENABLE_OBJC_ARC = YES;
				CLANG_WARN_BLOCK_CAPTURE_AUTORELEASING = YES;
				CLANG_WARN_BOOL_CONVERSION = YES;
				CLANG_WARN_COMMA = YES;
				CLANG_WARN_CONSTANT_CONVERSION = YES;
				CLANG_WARN_DIRECT_OBJC_ISA_USAGE = YES_ERROR;
				CLANG_WARN_DOCUMENTATION_COMMENTS = YES;
				CLANG_WARN_EMPTY_BODY = YES;
				CLANG_WARN_ENUM_CONVERSION = YES;
				CLANG_WARN_INFINITE_RECURSION = YES;
				CLANG_WARN_INT_CONVERSION = YES;
				CLANG_WARN_NON_LITERAL_NULL_CONVERSION = YES;
				CLANG_WARN_OBJC_LITERAL_CONVERSION = YES;
				CLANG_WARN_OBJC_ROOT_CLASS = YES_ERROR;
				CLANG_WARN_RANGE_LOOP_ANALYSIS = YES;
				CLANG_WARN_STRICT_PROTOTYPES = YES;
				CLANG_WARN_SUSPICIOUS_MOVE = YES;
				CLANG_WARN_UNGUARDED_AVAILABILITY = YES_AGGRESSIVE;
				CLANG_WARN_UNREACHABLE_CODE = YES;
				CLANG_WARN__DUPLICATE_METHOD_MATCH = YES;
				CODE_SIGN_IDENTITY = "iPhone Developer";
				COPY_PHASE_STRIP = NO;
				DEBUG_INFORMATION_FORMAT = dwarf;
				ENABLE_STRICT_OBJC_MSGSEND = YES;
				ENABLE_TESTABILITY = YES;
				GCC_C_LANGUAGE_STANDARD = gnu11;
				GCC_DYNAMIC_NO_PIC = NO;
				GCC_NO_COMMON_BLOCKS = YES;
				GCC_OPTIMIZATION_LEVEL = 0;
				GCC_PREPROCESSOR_DEFINITIONS = (
					"DEBUG=1",
					"$(inherited)",
				);
				GCC_WARN_64_TO_32_BIT_CONVERSION = YES;
				GCC_WARN_ABOUT_RETURN_TYPE = YES_ERROR;
				GCC_WARN_UNDECLARED_SELECTOR = YES;
				GCC_WARN_UNINITIALIZED_AUTOS = YES_AGGRESSIVE;
				GCC_WARN_UNUSED_FUNCTION = YES;
				GCC_WARN_UNUSED_VARIABLE = YES;
				IPHONEOS_DEPLOYMENT_TARGET = 11.2;
				MTL_ENABLE_DEBUG_INFO = YES;
				ONLY_ACTIVE_ARCH = YES;
				SDKROOT = iphoneos;
				SWIFT_ACTIVE_COMPILATION_CONDITIONS = DEBUG;
				SWIFT_OPTIMIZATION_LEVEL = "-Onone";
			};
			name = Debug;
		};
		0830B6172001254B0079F616 /* Release */ = {
			isa = XCBuildConfiguration;
			buildSettings = {
				ALWAYS_SEARCH_USER_PATHS = NO;
				CLANG_ANALYZER_NONNULL = YES;
				CLANG_ANALYZER_NUMBER_OBJECT_CONVERSION = YES_AGGRESSIVE;
				CLANG_CXX_LANGUAGE_STANDARD = "gnu++14";
				CLANG_CXX_LIBRARY = "libc++";
				CLANG_ENABLE_MODULES = YES;
				CLANG_ENABLE_OBJC_ARC = YES;
				CLANG_WARN_BLOCK_CAPTURE_AUTORELEASING = YES;
				CLANG_WARN_BOOL_CONVERSION = YES;
				CLANG_WARN_COMMA = YES;
				CLANG_WARN_CONSTANT_CONVERSION = YES;
				CLANG_WARN_DIRECT_OBJC_ISA_USAGE = YES_ERROR;
				CLANG_WARN_DOCUMENTATION_COMMENTS = YES;
				CLANG_WARN_EMPTY_BODY = YES;
				CLANG_WARN_ENUM_CONVERSION = YES;
				CLANG_WARN_INFINITE_RECURSION = YES;
				CLANG_WARN_INT_CONVERSION = YES;
				CLANG_WARN_NON_LITERAL_NULL_CONVERSION = YES;
				CLANG_WARN_OBJC_LITERAL_CONVERSION = YES;
				CLANG_WARN_OBJC_ROOT_CLASS = YES_ERROR;
				CLANG_WARN_RANGE_LOOP_ANALYSIS = YES;
				CLANG_WARN_STRICT_PROTOTYPES = YES;
				CLANG_WARN_SUSPICIOUS_MOVE = YES;
				CLANG_WARN_UNGUARDED_AVAILABILITY = YES_AGGRESSIVE;
				CLANG_WARN_UNREACHABLE_CODE = YES;
				CLANG_WARN__DUPLICATE_METHOD_MATCH = YES;
				CODE_SIGN_IDENTITY = "iPhone Developer";
				COPY_PHASE_STRIP = NO;
				DEBUG_INFORMATION_FORMAT = "dwarf-with-dsym";
				ENABLE_NS_ASSERTIONS = NO;
				ENABLE_STRICT_OBJC_MSGSEND = YES;
				GCC_C_LANGUAGE_STANDARD = gnu11;
				GCC_NO_COMMON_BLOCKS = YES;
				GCC_WARN_64_TO_32_BIT_CONVERSION = YES;
				GCC_WARN_ABOUT_RETURN_TYPE = YES_ERROR;
				GCC_WARN_UNDECLARED_SELECTOR = YES;
				GCC_WARN_UNINITIALIZED_AUTOS = YES_AGGRESSIVE;
				GCC_WARN_UNUSED_FUNCTION = YES;
				GCC_WARN_UNUSED_VARIABLE = YES;
				IPHONEOS_DEPLOYMENT_TARGET = 11.2;
				MTL_ENABLE_DEBUG_INFO = NO;
				SDKROOT = iphoneos;
				SWIFT_OPTIMIZATION_LEVEL = "-Owholemodule";
				VALIDATE_PRODUCT = YES;
			};
			name = Release;
		};
		0830B6192001254B0079F616 /* Debug */ = {
			isa = XCBuildConfiguration;
			baseConfigurationReference = E218352899195896497F87C2 /* Pods-Auth0PKCETest.debug.xcconfig */;
			buildSettings = {
				ASSETCATALOG_COMPILER_APPICON_NAME = AppIcon;
				CLANG_ENABLE_MODULES = YES;
				CODE_SIGN_STYLE = Automatic;
				DEVELOPMENT_TEAM = 6A48ZC7746;
				INFOPLIST_FILE = Auth0PKCETest/Info.plist;
				LD_RUNPATH_SEARCH_PATHS = "$(inherited) @executable_path/Frameworks";
				PRODUCT_BUNDLE_IDENTIFIER = om.works.Auth0PKCETest;
				PRODUCT_NAME = "$(TARGET_NAME)";
				SWIFT_OBJC_BRIDGING_HEADER = "Auth0PKCETest/Auth0PKCETest-Bridging-Header.h";
				SWIFT_OPTIMIZATION_LEVEL = "-Onone";
				SWIFT_VERSION = 4.0;
				TARGETED_DEVICE_FAMILY = "1,2";
			};
			name = Debug;
		};
		0830B61A2001254B0079F616 /* Release */ = {
			isa = XCBuildConfiguration;
			baseConfigurationReference = 084B4155EC7E18423C7FB92E /* Pods-Auth0PKCETest.release.xcconfig */;
			buildSettings = {
				ASSETCATALOG_COMPILER_APPICON_NAME = AppIcon;
				CLANG_ENABLE_MODULES = YES;
				CODE_SIGN_STYLE = Automatic;
				DEVELOPMENT_TEAM = 6A48ZC7746;
				INFOPLIST_FILE = Auth0PKCETest/Info.plist;
				LD_RUNPATH_SEARCH_PATHS = "$(inherited) @executable_path/Frameworks";
				PRODUCT_BUNDLE_IDENTIFIER = om.works.Auth0PKCETest;
				PRODUCT_NAME = "$(TARGET_NAME)";
				SWIFT_OBJC_BRIDGING_HEADER = "Auth0PKCETest/Auth0PKCETest-Bridging-Header.h";
				SWIFT_VERSION = 4.0;
				TARGETED_DEVICE_FAMILY = "1,2";
			};
			name = Release;
		};
		0830B61C2001254B0079F616 /* Debug */ = {
			isa = XCBuildConfiguration;
			buildSettings = {
				ALWAYS_EMBED_SWIFT_STANDARD_LIBRARIES = YES;
				BUNDLE_LOADER = "$(TEST_HOST)";
				CODE_SIGN_STYLE = Automatic;
				DEVELOPMENT_TEAM = 6A48ZC7746;
				INFOPLIST_FILE = Auth0PKCETestTests/Info.plist;
				LD_RUNPATH_SEARCH_PATHS = "$(inherited) @executable_path/Frameworks @loader_path/Frameworks";
				PRODUCT_BUNDLE_IDENTIFIER = om.works.Auth0PKCETestTests;
				PRODUCT_NAME = "$(TARGET_NAME)";
				SWIFT_VERSION = 4.0;
				TARGETED_DEVICE_FAMILY = "1,2";
				TEST_HOST = "$(BUILT_PRODUCTS_DIR)/Auth0PKCETest.app/Auth0PKCETest";
			};
			name = Debug;
		};
		0830B61D2001254B0079F616 /* Release */ = {
			isa = XCBuildConfiguration;
			buildSettings = {
				ALWAYS_EMBED_SWIFT_STANDARD_LIBRARIES = YES;
				BUNDLE_LOADER = "$(TEST_HOST)";
				CODE_SIGN_STYLE = Automatic;
				DEVELOPMENT_TEAM = 6A48ZC7746;
				INFOPLIST_FILE = Auth0PKCETestTests/Info.plist;
				LD_RUNPATH_SEARCH_PATHS = "$(inherited) @executable_path/Frameworks @loader_path/Frameworks";
				PRODUCT_BUNDLE_IDENTIFIER = om.works.Auth0PKCETestTests;
				PRODUCT_NAME = "$(TARGET_NAME)";
				SWIFT_VERSION = 4.0;
				TARGETED_DEVICE_FAMILY = "1,2";
				TEST_HOST = "$(BUILT_PRODUCTS_DIR)/Auth0PKCETest.app/Auth0PKCETest";
			};
			name = Release;
		};
		0830B61F2001254B0079F616 /* Debug */ = {
			isa = XCBuildConfiguration;
			buildSettings = {
				ALWAYS_EMBED_SWIFT_STANDARD_LIBRARIES = YES;
				CODE_SIGN_STYLE = Automatic;
				DEVELOPMENT_TEAM = 6A48ZC7746;
				INFOPLIST_FILE = Auth0PKCETestUITests/Info.plist;
				LD_RUNPATH_SEARCH_PATHS = "$(inherited) @executable_path/Frameworks @loader_path/Frameworks";
				PRODUCT_BUNDLE_IDENTIFIER = om.works.Auth0PKCETestUITests;
				PRODUCT_NAME = "$(TARGET_NAME)";
				SWIFT_VERSION = 4.0;
				TARGETED_DEVICE_FAMILY = "1,2";
				TEST_TARGET_NAME = Auth0PKCETest;
			};
			name = Debug;
		};
		0830B6202001254B0079F616 /* Release */ = {
			isa = XCBuildConfiguration;
			buildSettings = {
				ALWAYS_EMBED_SWIFT_STANDARD_LIBRARIES = YES;
				CODE_SIGN_STYLE = Automatic;
				DEVELOPMENT_TEAM = 6A48ZC7746;
				INFOPLIST_FILE = Auth0PKCETestUITests/Info.plist;
				LD_RUNPATH_SEARCH_PATHS = "$(inherited) @executable_path/Frameworks @loader_path/Frameworks";
				PRODUCT_BUNDLE_IDENTIFIER = om.works.Auth0PKCETestUITests;
				PRODUCT_NAME = "$(TARGET_NAME)";
				SWIFT_VERSION = 4.0;
				TARGETED_DEVICE_FAMILY = "1,2";
				TEST_TARGET_NAME = Auth0PKCETest;
			};
			name = Release;
		};
/* End XCBuildConfiguration section */

/* Begin XCConfigurationList section */
		0830B5EB2001254B0079F616 /* Build configuration list for PBXProject "Auth0PKCETest" */ = {
			isa = XCConfigurationList;
			buildConfigurations = (
				0830B6162001254B0079F616 /* Debug */,
				0830B6172001254B0079F616 /* Release */,
			);
			defaultConfigurationIsVisible = 0;
			defaultConfigurationName = Release;
		};
		0830B6182001254B0079F616 /* Build configuration list for PBXNativeTarget "Auth0PKCETest" */ = {
			isa = XCConfigurationList;
			buildConfigurations = (
				0830B6192001254B0079F616 /* Debug */,
				0830B61A2001254B0079F616 /* Release */,
			);
			defaultConfigurationIsVisible = 0;
			defaultConfigurationName = Release;
		};
		0830B61B2001254B0079F616 /* Build configuration list for PBXNativeTarget "Auth0PKCETestTests" */ = {
			isa = XCConfigurationList;
			buildConfigurations = (
				0830B61C2001254B0079F616 /* Debug */,
				0830B61D2001254B0079F616 /* Release */,
			);
			defaultConfigurationIsVisible = 0;
			defaultConfigurationName = Release;
		};
		0830B61E2001254B0079F616 /* Build configuration list for PBXNativeTarget "Auth0PKCETestUITests" */ = {
			isa = XCConfigurationList;
			buildConfigurations = (
				0830B61F2001254B0079F616 /* Debug */,
				0830B6202001254B0079F616 /* Release */,
			);
			defaultConfigurationIsVisible = 0;
			defaultConfigurationName = Release;
		};
/* End XCConfigurationList section */
	};
	rootObject = 0830B5E82001254B0079F616 /* Project object */;
}
